// !$*UTF8*$!
{
	archiveVersion = 1;
	classes = {
	};
	objectVersion = 50;
	objects = {

/* Begin PBXBuildFile section */
		A252ED522754EBB100EE20CA /* AppDelegate.swift in Sources */ = {isa = PBXBuildFile; fileRef = A252ED512754EBB100EE20CA /* AppDelegate.swift */; };
		A252ED542754EBB100EE20CA /* SceneDelegate.swift in Sources */ = {isa = PBXBuildFile; fileRef = A252ED532754EBB100EE20CA /* SceneDelegate.swift */; };
		A252ED562754EBB100EE20CA /* ViewController.swift in Sources */ = {isa = PBXBuildFile; fileRef = A252ED552754EBB100EE20CA /* ViewController.swift */; };
		A252ED592754EBB100EE20CA /* Main.storyboard in Resources */ = {isa = PBXBuildFile; fileRef = A252ED572754EBB100EE20CA /* Main.storyboard */; };
		A252ED5B2754EBB200EE20CA /* Assets.xcassets in Resources */ = {isa = PBXBuildFile; fileRef = A252ED5A2754EBB200EE20CA /* Assets.xcassets */; };
		A252ED5E2754EBB200EE20CA /* LaunchScreen.storyboard in Resources */ = {isa = PBXBuildFile; fileRef = A252ED5C2754EBB200EE20CA /* LaunchScreen.storyboard */; };
/* End PBXBuildFile section */

/* Begin PBXFileReference section */
		A252ED4E2754EBB100EE20CA /* Multithreading-Operations2.app */ = {isa = PBXFileReference; explicitFileType = wrapper.application; includeInIndex = 0; path = "Multithreading-Operations2.app"; sourceTree = BUILT_PRODUCTS_DIR; };
		A252ED512754EBB100EE20CA /* AppDelegate.swift */ = {isa = PBXFileReference; lastKnownFileType = sourcecode.swift; path = AppDelegate.swift; sourceTree = "<group>"; };
		A252ED532754EBB100EE20CA /* SceneDelegate.swift */ = {isa = PBXFileReference; lastKnownFileType = sourcecode.swift; path = SceneDelegate.swift; sourceTree = "<group>"; };
		A252ED552754EBB100EE20CA /* ViewController.swift */ = {isa = PBXFileReference; lastKnownFileType = sourcecode.swift; path = ViewController.swift; sourceTree = "<group>"; };
		A252ED582754EBB100EE20CA /* Base */ = {isa = PBXFileReference; lastKnownFileType = file.storyboard; name = Base; path = Base.lproj/Main.storyboard; sourceTree = "<group>"; };
		A252ED5A2754EBB200EE20CA /* Assets.xcassets */ = {isa = PBXFileReference; lastKnownFileType = folder.assetcatalog; path = Assets.xcassets; sourceTree = "<group>"; };
		A252ED5D2754EBB200EE20CA /* Base */ = {isa = PBXFileReference; lastKnownFileType = file.storyboard; name = Base; path = Base.lproj/LaunchScreen.storyboard; sourceTree = "<group>"; };
		A252ED5F2754EBB200EE20CA /* Info.plist */ = {isa = PBXFileReference; lastKnownFileType = text.plist.xml; path = Info.plist; sourceTree = "<group>"; };
/* End PBXFileReference section */

/* Begin PBXFrameworksBuildPhase section */
		A252ED4B2754EBB100EE20CA /* Frameworks */ = {
			isa = PBXFrameworksBuildPhase;
			buildActionMask = 2147483647;
			files = (
			);
			runOnlyForDeploymentPostprocessing = 0;
		};
/* End PBXFrameworksBuildPhase section */

/* Begin PBXGroup section */
		A252ED452754EBB100EE20CA = {
			isa = PBXGroup;
			children = (
				A252ED502754EBB100EE20CA /* Multithreading-Operations2 */,
				A252ED4F2754EBB100EE20CA /* Products */,
			);
			sourceTree = "<group>";
		};
		A252ED4F2754EBB100EE20CA /* Products */ = {
			isa = PBXGroup;
			children = (
				A252ED4E2754EBB100EE20CA /* Multithreading-Operations2.app */,
			);
			name = Products;
			sourceTree = "<group>";
		};
		A252ED502754EBB100EE20CA /* Multithreading-Operations2 */ = {
			isa = PBXGroup;
			children = (
				A252ED512754EBB100EE20CA /* AppDelegate.swift */,
				A252ED532754EBB100EE20CA /* SceneDelegate.swift */,
				A252ED552754EBB100EE20CA /* ViewController.swift */,
				A252ED572754EBB100EE20CA /* Main.storyboard */,
				A252ED5A2754EBB200EE20CA /* Assets.xcassets */,
				A252ED5C2754EBB200EE20CA /* LaunchScreen.storyboard */,
				A252ED5F2754EBB200EE20CA /* Info.plist */,
			);
			path = "Multithreading-Operations2";
			sourceTree = "<group>";
		};
/* End PBXGroup section */

/* Begin PBXNativeTarget section */
		A252ED4D2754EBB100EE20CA /* Multithreading-Operations2 */ = {
			isa = PBXNativeTarget;
			buildConfigurationList = A252ED622754EBB200EE20CA /* Build configuration list for PBXNativeTarget "Multithreading-Operations2" */;
			buildPhases = (
				A252ED4A2754EBB100EE20CA /* Sources */,
				A252ED4B2754EBB100EE20CA /* Frameworks */,
				A252ED4C2754EBB100EE20CA /* Resources */,
			);
			buildRules = (
			);
			dependencies = (
			);
			name = "Multithreading-Operations2";
			productName = "Multithreading-Operations2";
			productReference = A252ED4E2754EBB100EE20CA /* Multithreading-Operations2.app */;
			productType = "com.apple.product-type.application";
		};
/* End PBXNativeTarget section */

/* Begin PBXProject section */
		A252ED462754EBB100EE20CA /* Project object */ = {
			isa = PBXProject;
			attributes = {
				LastSwiftUpdateCheck = 1250;
				LastUpgradeCheck = 1250;
				TargetAttributes = {
					A252ED4D2754EBB100EE20CA = {
						CreatedOnToolsVersion = 12.5;
					};
				};
			};
			buildConfigurationList = A252ED492754EBB100EE20CA /* Build configuration list for PBXProject "Multithreading-Operations2" */;
			compatibilityVersion = "Xcode 9.3";
			developmentRegion = en;
			hasScannedForEncodings = 0;
			knownRegions = (
				en,
				Base,
			);
			mainGroup = A252ED452754EBB100EE20CA;
			productRefGroup = A252ED4F2754EBB100EE20CA /* Products */;
			projectDirPath = "";
			projectRoot = "";
			targets = (
				A252ED4D2754EBB100EE20CA /* Multithreading-Operations2 */,
			);
		};
/* End PBXProject section */

/* Begin PBXResourcesBuildPhase section */
		A252ED4C2754EBB100EE20CA /* Resources */ = {
			isa = PBXResourcesBuildPhase;
			buildActionMask = 2147483647;
			files = (
				A252ED5E2754EBB200EE20CA /* LaunchScreen.storyboard in Resources */,
				A252ED5B2754EBB200EE20CA /* Assets.xcassets in Resources */,
				A252ED592754EBB100EE20CA /* Main.storyboard in Resources */,
			);
			runOnlyForDeploymentPostprocessing = 0;
		};
/* End PBXResourcesBuildPhase section */

/* Begin PBXSourcesBuildPhase section */
		A252ED4A2754EBB100EE20CA /* Sources */ = {
			isa = PBXSourcesBuildPhase;
			buildActionMask = 2147483647;
			files = (
				A252ED562754EBB100EE20CA /* ViewController.swift in Sources */,
				A252ED522754EBB100EE20CA /* AppDelegate.swift in Sources */,
				A252ED542754EBB100EE20CA /* SceneDelegate.swift in Sources */,
			);
			runOnlyForDeploymentPostprocessing = 0;
		};
/* End PBXSourcesBuildPhase section */

/* Begin PBXVariantGroup section */
		A252ED572754EBB100EE20CA /* Main.storyboard */ = {
			isa = PBXVariantGroup;
			children = (
				A252ED582754EBB100EE20CA /* Base */,
			);
			name = Main.storyboard;
			sourceTree = "<group>";
		};
		A252ED5C2754EBB200EE20CA /* LaunchScreen.storyboard */ = {
			isa = PBXVariantGroup;
			children = (
				A252ED5D2754EBB200EE20CA /* Base */,
			);
			name = LaunchScreen.storyboard;
			sourceTree = "<group>";
		};
/* End PBXVariantGroup section */

/* Begin XCBuildConfiguration section */
		A252ED602754EBB200EE20CA /* Debug */ = {
			isa = XCBuildConfiguration;
			buildSettings = {
				ALWAYS_SEARCH_USER_PATHS = NO;
				CLANG_ANALYZER_NONNULL = YES;
				CLANG_ANALYZER_NUMBER_OBJECT_CONVERSION = YES_AGGRESSIVE;
				CLANG_CXX_LANGUAGE_STANDARD = "gnu++14";
				CLANG_CXX_LIBRARY = "libc++";
				CLANG_ENABLE_MODULES = YES;
				CLANG_ENABLE_OBJC_ARC = YES;
				CLANG_ENABLE_OBJC_WEAK = YES;
				CLANG_WARN_BLOCK_CAPTURE_AUTORELEASING = YES;
				CLANG_WARN_BOOL_CONVERSION = YES;
				CLANG_WARN_COMMA = YES;
				CLANG_WARN_CONSTANT_CONVERSION = YES;
				CLANG_WARN_DEPRECATED_OBJC_IMPLEMENTATIONS = YES;
				CLANG_WARN_DIRECT_OBJC_ISA_USAGE = YES_ERROR;
				CLANG_WARN_DOCUMENTATION_COMMENTS = YES;
				CLANG_WARN_EMPTY_BODY = YES;
				CLANG_WARN_ENUM_CONVERSION = YES;
				CLANG_WARN_INFINITE_RECURSION = YES;
				CLANG_WARN_INT_CONVERSION = YES;
				CLANG_WARN_NON_LITERAL_NULL_CONVERSION = YES;
				CLANG_WARN_OBJC_IMPLICIT_RETAIN_SELF = YES;
				CLANG_WARN_OBJC_LITERAL_CONVERSION = YES;
				CLANG_WARN_OBJC_ROOT_CLASS = YES_ERROR;
				CLANG_WARN_QUOTED_INCLUDE_IN_FRAMEWORK_HEADER = YES;
				CLANG_WARN_RANGE_LOOP_ANALYSIS = YES;
				CLANG_WARN_STRICT_PROTOTYPES = YES;
				CLANG_WARN_SUSPICIOUS_MOVE = YES;
				CLANG_WARN_UNGUARDED_AVAILABILITY = YES_AGGRESSIVE;
				CLANG_WARN_UNREACHABLE_CODE = YES;
				CLANG_WARN__DUPLICATE_METHOD_MATCH = YES;
				COPY_PHASE_STRIP = NO;
				DEBUG_INFORMATION_FORMAT = dwarf;
				ENABLE_STRICT_OBJC_MSGSEND = YES;
				ENABLE_TESTABILITY = YES;
				GCC_C_LANGUAGE_STANDARD = gnu11;
				GCC_DYNAMIC_NO_PIC = NO;
				GCC_NO_COMMON_BLOCKS = YES;
				GCC_OPTIMIZATION_LEVEL = 0;
				GCC_PREPROCESSOR_DEFINITIONS = (
					"DEBUG=1",
					"$(inherited)",
				);
				GCC_WARN_64_TO_32_BIT_CONVERSION = YES;
				GCC_WARN_ABOUT_RETURN_TYPE = YES_ERROR;
				GCC_WARN_UNDECLARED_SELECTOR = YES;
				GCC_WARN_UNINITIALIZED_AUTOS = YES_AGGRESSIVE;
				GCC_WARN_UNUSED_FUNCTION = YES;
				GCC_WARN_UNUSED_VARIABLE = YES;
				IPHONEOS_DEPLOYMENT_TARGET = 14.5;
				MTL_ENABLE_DEBUG_INFO = INCLUDE_SOURCE;
				MTL_FAST_MATH = YES;
				ONLY_ACTIVE_ARCH = YES;
				SDKROOT = iphoneos;
				SWIFT_ACTIVE_COMPILATION_CONDITIONS = DEBUG;
				SWIFT_OPTIMIZATION_LEVEL = "-Onone";
			};
			name = Debug;
		};
		A252ED612754EBB200EE20CA /* Release */ = {
			isa = XCBuildConfiguration;
			buildSettings = {
				ALWAYS_SEARCH_USER_PATHS = NO;
				CLANG_ANALYZER_NONNULL = YES;
				CLANG_ANALYZER_NUMBER_OBJECT_CONVERSION = YES_AGGRESSIVE;
				CLANG_CXX_LANGUAGE_STANDARD = "gnu++14";
				CLANG_CXX_LIBRARY = "libc++";
				CLANG_ENABLE_MODULES = YES;
				CLANG_ENABLE_OBJC_ARC = YES;
				CLANG_ENABLE_OBJC_WEAK = YES;
				CLANG_WARN_BLOCK_CAPTURE_AUTORELEASING = YES;
				CLANG_WARN_BOOL_CONVERSION = YES;
				CLANG_WARN_COMMA = YES;
				CLANG_WARN_CONSTANT_CONVERSION = YES;
				CLANG_WARN_DEPRECATED_OBJC_IMPLEMENTATIONS = YES;
				CLANG_WARN_DIRECT_OBJC_ISA_USAGE = YES_ERROR;
				CLANG_WARN_DOCUMENTATION_COMMENTS = YES;
				CLANG_WARN_EMPTY_BODY = YES;
				CLANG_WARN_ENUM_CONVERSION = YES;
				CLANG_WARN_INFINITE_RECURSION = YES;
				CLANG_WARN_INT_CONVERSION = YES;
				CLANG_WARN_NON_LITERAL_NULL_CONVERSION = YES;
				CLANG_WARN_OBJC_IMPLICIT_RETAIN_SELF = YES;
				CLANG_WARN_OBJC_LITERAL_CONVERSION = YES;
				CLANG_WARN_OBJC_ROOT_CLASS = YES_ERROR;
				CLANG_WARN_QUOTED_INCLUDE_IN_FRAMEWORK_HEADER = YES;
				CLANG_WARN_RANGE_LOOP_ANALYSIS = YES;
				CLANG_WARN_STRICT_PROTOTYPES = YES;
				CLANG_WARN_SUSPICIOUS_MOVE = YES;
				CLANG_WARN_UNGUARDED_AVAILABILITY = YES_AGGRESSIVE;
				CLANG_WARN_UNREACHABLE_CODE = YES;
				CLANG_WARN__DUPLICATE_METHOD_MATCH = YES;
				COPY_PHASE_STRIP = NO;
				DEBUG_INFORMATION_FORMAT = "dwarf-with-dsym";
				ENABLE_NS_ASSERTIONS = NO;
				ENABLE_STRICT_OBJC_MSGSEND = YES;
				GCC_C_LANGUAGE_STANDARD = gnu11;
				GCC_NO_COMMON_BLOCKS = YES;
				GCC_WARN_64_TO_32_BIT_CONVERSION = YES;
				GCC_WARN_ABOUT_RETURN_TYPE = YES_ERROR;
				GCC_WARN_UNDECLARED_SELECTOR = YES;
				GCC_WARN_UNINITIALIZED_AUTOS = YES_AGGRESSIVE;
				GCC_WARN_UNUSED_FUNCTION = YES;
				GCC_WARN_UNUSED_VARIABLE = YES;
				IPHONEOS_DEPLOYMENT_TARGET = 14.5;
				MTL_ENABLE_DEBUG_INFO = NO;
				MTL_FAST_MATH = YES;
				SDKROOT = iphoneos;
				SWIFT_COMPILATION_MODE = wholemodule;
				SWIFT_OPTIMIZATION_LEVEL = "-O";
				VALIDATE_PRODUCT = YES;
			};
			name = Release;
		};
		A252ED632754EBB200EE20CA /* Debug */ = {
			isa = XCBuildConfiguration;
			buildSettings = {
				ASSETCATALOG_COMPILER_APPICON_NAME = AppIcon;
				ASSETCATALOG_COMPILER_GLOBAL_ACCENT_COLOR_NAME = AccentColor;
				CODE_SIGN_STYLE = Automatic;
				DEVELOPMENT_TEAM = U3JHK4U826;
				INFOPLIST_FILE = "Multithreading-Operations2/Info.plist";
				LD_RUNPATH_SEARCH_PATHS = (
					"$(inherited)",
					"@executable_path/Frameworks",
				);
				PRODUCT_BUNDLE_IDENTIFIER = "YeoCompany.Multithreading-Operations2";
				PRODUCT_NAME = "$(TARGET_NAME)";
				SWIFT_VERSION = 5.0;
				TARGETED_DEVICE_FAMILY = "1,2";
			};
			name = Debug;
		};
		A252ED642754EBB200EE20CA /* Release */ = {
			isa = XCBuildConfiguration;
			buildSettings = {
				ASSETCATALOG_COMPILER_APPICON_NAME = AppIcon;
				ASSETCATALOG_COMPILER_GLOBAL_ACCENT_COLOR_NAME = AccentColor;
				CODE_SIGN_STYLE = Automatic;
				DEVELOPMENT_TEAM = U3JHK4U826;
				INFOPLIST_FILE = "Multithreading-Operations2/Info.plist";
				LD_RUNPATH_SEARCH_PATHS = (
					"$(inherited)",
					"@executable_path/Frameworks",
				);
				PRODUCT_BUNDLE_IDENTIFIER = "YeoCompany.Multithreading-Operations2";
				PRODUCT_NAME = "$(TARGET_NAME)";
				SWIFT_VERSION = 5.0;
				TARGETED_DEVICE_FAMILY = "1,2";
			};
			name = Release;
		};
/* End XCBuildConfiguration section */

/* Begin XCConfigurationList section */
		A252ED492754EBB100EE20CA /* Build configuration list for PBXProject "Multithreading-Operations2" */ = {
			isa = XCConfigurationList;
			buildConfigurations = (
				A252ED602754EBB200EE20CA /* Debug */,
				A252ED612754EBB200EE20CA /* Release */,
			);
			defaultConfigurationIsVisible = 0;
			defaultConfigurationName = Release;
		};
		A252ED622754EBB200EE20CA /* Build configuration list for PBXNativeTarget "Multithreading-Operations2" */ = {
			isa = XCConfigurationList;
			buildConfigurations = (
				A252ED632754EBB200EE20CA /* Debug */,
				A252ED642754EBB200EE20CA /* Release */,
			);
			defaultConfigurationIsVisible = 0;
			defaultConfigurationName = Release;
		};
/* End XCConfigurationList section */
	};
	rootObject = A252ED462754EBB100EE20CA /* Project object */;
}
